# This file is automatically @generated by Cargo.
# It is not intended for manual editing.
[[package]]
name = "dependency"
version = "0.1.0"
dependencies = [
 "futures-core",
]

[[package]]
name = "futures-core"
version = "0.3.13"
source = "registry+https://github.com/rust-lang/crates.io-index"
checksum = "15496a72fabf0e62bdc3df11a59a3787429221dd0710ba8ef163d6f7a9112c94"
